GIT
  remote: https://github.com/geni/will_filter.git
  revision: b1069b3092327d0f2918ca6d6831699b6565ca5e
  branch: rails-3.1.x
  specs:
    will_filter (2.3.0)
      rails
      will_paginate

PATH
  remote: .
  specs:
    tr8n (2.3.23)
      actionmailer (~> 3.1.0)
      actionpack (~> 3.1.0)
      activerecord (~> 3.1.0)
      activesupport (~> 3.1.0)

GEM
  remote: http://www.rubygems.org/
  specs:
    actionmailer (3.1.12)
      actionpack (= 3.1.12)
      mail (~> 2.4.4)
    actionpack (3.1.12)
      activemodel (= 3.1.12)
      activesupport (= 3.1.12)
      builder (~> 3.0.0)
      erubis (~> 2.7.0)
      i18n (~> 0.6)
      rack (~> 1.3.6)
      rack-cache (~> 1.2)
      rack-mount (~> 0.8.2)
      rack-test (~> 0.6.1)
      sprockets (~> 2.0.4)
    activemodel (3.1.12)
      activesupport (= 3.1.12)
      builder (~> 3.0.0)
      i18n (~> 0.6)
    activerecord (3.1.12)
      activemodel (= 3.1.12)
      activesupport (= 3.1.12)
      arel (~> 2.2.3)
      tzinfo (~> 0.3.29)
    activesupport (3.1.12)
      multi_json (~> 1.0)
    arel (2.2.3)
    builder (3.0.4)
    concurrent-ruby (1.3.6)
    docile (1.4.1)
    erubis (2.7.0)
    fssm (0.2.10)
    hike (1.2.3)
    i18n (0.9.5)
      concurrent-ruby (~> 1.0)
    mail (2.4.4)
      i18n (>= 0.4.0)
      mime-types (~> 1.16)
      treetop (~> 1.4.8)
    metaclass (0.0.4)
    method_source (1.1.0)
    mime-types (1.25.1)
    mini_portile2 (2.8.9)
    mocha (0.11.4)
      metaclass (~> 0.0.1)
    multi_json (1.15.0)
    polyglot (0.3.5)
    power_assert (3.0.1)
    rack (1.3.10)
    rack-cache (1.17.0)
      rack (>= 0.4)
    rack-mount (0.8.3)
      rack (>= 1.0.0)
    rack-test (0.6.3)
      rack (>= 1.0)
    rails (0.9.5)
      actionmailer (>= 0.6.1)
      actionpack (>= 1.4.0)
      activerecord (>= 1.6.0)
      rake (>= 0.4.15)
    rake (13.4.2)
    simplecov (0.22.0)
      docile (~> 1.1)
      simplecov-html (~> 0.11)
      simplecov_json_formatter (~> 0.1)
    simplecov-html (0.13.2)
    simplecov_json_formatter (0.1.4)
    sprockets (2.0.5)
      hike (~> 1.2)
      rack (~> 1.0)
      tilt (~> 1.1, != 1.3.0)
    sqlite3 (1.6.9)
      mini_portile2 (~> 2.8.0)
    test-unit (3.6.2)
      power_assert
    tilt (1.4.1)
    treetop (1.4.15)
      polyglot
      polyglot (>= 0.3.1)
    tzinfo (0.3.62)
    will_paginate (4.0.1)

PLATFORMS
  ruby

DEPENDENCIES
  fssm (~> 0.2.10)
  method_source
  mocha (= 0.11.4)
  rake
  simplecov
  sqlite3 (= 1.6.9)
  test-unit (= 3.6.2)
  tr8n!
  will_filter!

BUNDLED WITH
   2.1.4
